
Microsoft Visual Studio Solution File, Format Version 12.00
# Visual Studio Version 17
VisualStudioVersion = 17.14.36915.13
MinimumVisualStudioVersion = 10.0.40219.1
Project("{FAE04EC0-301F-11D3-BF4B-00C04F79EFBC}") = "VIMS.Domain", "VIMS.Domain\VIMS.Domain.csproj", "{27AD8568-D502-4945-B6E4-CC371B0A35E5}"
EndProject
Project("{FAE04EC0-301F-11D3-BF4B-00C04F79EFBC}") = "VIMS.Application", "VIMS.Application\VIMS.Application.csproj", "{8A52AD2D-0B5D-4FF3-845C-61815C0B353D}"
EndProject
Project("{FAE04EC0-301F-11D3-BF4B-00C04F79EFBC}") = "VIMS.Infrastructure", "VIMS.Infrastructure\VIMS.Infrastructure.csproj", "{A268941C-4894-4BEA-8E3F-F53237888496}"
EndProject
Project("{FAE04EC0-301F-11D3-BF4B-00C04F79EFBC}") = "VIMS.API", "VIMS.API\VIMS.API.csproj", "{455F4953-73E1-42F0-B135-813F73870BCB}"
EndProject
Project("{2150E333-8FDC-42A3-9474-1A3956D46DE8}") = "tests", "tests", "{0AB3BF05-4346-4AA6-1389-037BE0695223}"
EndProject
Project("{FAE04EC0-301F-11D3-BF4B-00C04F79EFBC}") = "VIMS.API.Tests", "tests\VIMS.API.Tests\VIMS.API.Tests.csproj", "{0F0D185E-7E9B-43D1-A474-9E1C7899FD62}"
EndProject
Project("{FAE04EC0-301F-11D3-BF4B-00C04F79EFBC}") = "VIMS.Application.Tests", "tests\VIMS.Application.Tests\VIMS.Application.Tests.csproj", "{3D324264-D571-44B5-9279-0BC02745F4BF}"
EndProject
Project("{FAE04EC0-301F-11D3-BF4B-00C04F79EFBC}") = "VIMS.Domain.Tests", "tests\VIMS.Domain.Tests\VIMS.Domain.Tests.csproj", "{B506E7B8-A9EE-427E-A191-93F51B22B14E}"
EndProject
Project("{FAE04EC0-301F-11D3-BF4B-00C04F79EFBC}") = "VIMS.Infrastructure.Tests", "tests\VIMS.Infrastructure.Tests\VIMS.Infrastructure.Tests.csproj", "{374AEBEE-5AEE-42BA-B030-265C6555D11A}"
EndProject
Global
	GlobalSection(SolutionConfigurationPlatforms) = preSolution
		Debug|Any CPU = Debug|Any CPU
		Debug|x64 = Debug|x64
		Debug|x86 = Debug|x86
		Release|Any CPU = Release|Any CPU
		Release|x64 = Release|x64
		Release|x86 = Release|x86
	EndGlobalSection
	GlobalSection(ProjectConfigurationPlatforms) = postSolution
		{27AD8568-D502-4945-B6E4-CC371B0A35E5}.Debug|Any CPU.ActiveCfg = Debug|Any CPU
		{27AD8568-D502-4945-B6E4-CC371B0A35E5}.Debug|Any CPU.Build.0 = Debug|Any CPU
		{27AD8568-D502-4945-B6E4-CC371B0A35E5}.Debug|x64.ActiveCfg = Debug|Any CPU
		{27AD8568-D502-4945-B6E4-CC371B0A35E5}.Debug|x64.Build.0 = Debug|Any CPU
		{27AD8568-D502-4945-B6E4-CC371B0A35E5}.Debug|x86.ActiveCfg = Debug|Any CPU
		{27AD8568-D502-4945-B6E4-CC371B0A35E5}.Debug|x86.Build.0 = Debug|Any CPU
		{27AD8568-D502-4945-B6E4-CC371B0A35E5}.Release|Any CPU.ActiveCfg = Release|Any CPU
		{27AD8568-D502-4945-B6E4-CC371B0A35E5}.Release|Any CPU.Build.0 = Release|Any CPU
		{27AD8568-D502-4945-B6E4-CC371B0A35E5}.Release|x64.ActiveCfg = Release|Any CPU
		{27AD8568-D502-4945-B6E4-CC371B0A35E5}.Release|x64.Build.0 = Release|Any CPU
		{27AD8568-D502-4945-B6E4-CC371B0A35E5}.Release|x86.ActiveCfg = Release|Any CPU
		{27AD8568-D502-4945-B6E4-CC371B0A35E5}.Release|x86.Build.0 = Release|Any CPU
		{8A52AD2D-0B5D-4FF3-845C-61815C0B353D}.Debug|Any CPU.ActiveCfg = Debug|Any CPU
		{8A52AD2D-0B5D-4FF3-845C-61815C0B353D}.Debug|Any CPU.Build.0 = Debug|Any CPU
		{8A52AD2D-0B5D-4FF3-845C-61815C0B353D}.Debug|x64.ActiveCfg = Debug|Any CPU
		{8A52AD2D-0B5D-4FF3-845C-61815C0B353D}.Debug|x64.Build.0 = Debug|Any CPU
		{8A52AD2D-0B5D-4FF3-845C-61815C0B353D}.Debug|x86.ActiveCfg = Debug|Any CPU
		{8A52AD2D-0B5D-4FF3-845C-61815C0B353D}.Debug|x86.Build.0 = Debug|Any CPU
		{8A52AD2D-0B5D-4FF3-845C-61815C0B353D}.Release|Any CPU.ActiveCfg = Release|Any CPU
		{8A52AD2D-0B5D-4FF3-845C-61815C0B353D}.Release|Any CPU.Build.0 = Release|Any CPU
		{8A52AD2D-0B5D-4FF3-845C-61815C0B353D}.Release|x64.ActiveCfg = Release|Any CPU
		{8A52AD2D-0B5D-4FF3-845C-61815C0B353D}.Release|x64.Build.0 = Release|Any CPU
		{8A52AD2D-0B5D-4FF3-845C-61815C0B353D}.Release|x86.ActiveCfg = Release|Any CPU
		{8A52AD2D-0B5D-4FF3-845C-61815C0B353D}.Release|x86.Build.0 = Release|Any CPU
		{A268941C-4894-4BEA-8E3F-F53237888496}.Debug|Any CPU.ActiveCfg = Debug|Any CPU
		{A268941C-4894-4BEA-8E3F-F53237888496}.Debug|Any CPU.Build.0 = Debug|Any CPU
		{A268941C-4894-4BEA-8E3F-F53237888496}.Debug|x64.ActiveCfg = Debug|Any CPU
		{A268941C-4894-4BEA-8E3F-F53237888496}.Debug|x64.Build.0 = Debug|Any CPU
		{A268941C-4894-4BEA-8E3F-F53237888496}.Debug|x86.ActiveCfg = Debug|Any CPU
		{A268941C-4894-4BEA-8E3F-F53237888496}.Debug|x86.Build.0 = Debug|Any CPU
		{A268941C-4894-4BEA-8E3F-F53237888496}.Release|Any CPU.ActiveCfg = Release|Any CPU
		{A268941C-4894-4BEA-8E3F-F53237888496}.Release|Any CPU.Build.0 = Release|Any CPU
		{A268941C-4894-4BEA-8E3F-F53237888496}.Release|x64.ActiveCfg = Release|Any CPU
		{A268941C-4894-4BEA-8E3F-F53237888496}.Release|x64.Build.0 = Release|Any CPU
		{A268941C-4894-4BEA-8E3F-F53237888496}.Release|x86.ActiveCfg = Release|Any CPU
		{A268941C-4894-4BEA-8E3F-F53237888496}.Release|x86.Build.0 = Release|Any CPU
		{455F4953-73E1-42F0-B135-813F73870BCB}.Debug|Any CPU.ActiveCfg = Debug|Any CPU
		{455F4953-73E1-42F0-B135-813F73870BCB}.Debug|Any CPU.Build.0 = Debug|Any CPU
		{455F4953-73E1-42F0-B135-813F73870BCB}.Debug|x64.ActiveCfg = Debug|Any CPU
		{455F4953-73E1-42F0-B135-813F73870BCB}.Debug|x64.Build.0 = Debug|Any CPU
		{455F4953-73E1-42F0-B135-813F73870BCB}.Debug|x86.ActiveCfg = Debug|Any CPU
		{455F4953-73E1-42F0-B135-813F73870BCB}.Debug|x86.Build.0 = Debug|Any CPU
		{455F4953-73E1-42F0-B135-813F73870BCB}.Release|Any CPU.ActiveCfg = Release|Any CPU
		{455F4953-73E1-42F0-B135-813F73870BCB}.Release|Any CPU.Build.0 = Release|Any CPU
		{455F4953-73E1-42F0-B135-813F73870BCB}.Release|x64.ActiveCfg = Release|Any CPU
		{455F4953-73E1-42F0-B135-813F73870BCB}.Release|x64.Build.0 = Release|Any CPU
		{455F4953-73E1-42F0-B135-813F73870BCB}.Release|x86.ActiveCfg = Release|Any CPU
		{455F4953-73E1-42F0-B135-813F73870BCB}.Release|x86.Build.0 = Release|Any CPU
		{0F0D185E-7E9B-43D1-A474-9E1C7899FD62}.Debug|Any CPU.ActiveCfg = Debug|Any CPU
		{0F0D185E-7E9B-43D1-A474-9E1C7899FD62}.Debug|Any CPU.Build.0 = Debug|Any CPU
		{0F0D185E-7E9B-43D1-A474-9E1C7899FD62}.Debug|x64.ActiveCfg = Debug|Any CPU
		{0F0D185E-7E9B-43D1-A474-9E1C7899FD62}.Debug|x64.Build.0 = Debug|Any CPU
		{0F0D185E-7E9B-43D1-A474-9E1C7899FD62}.Debug|x86.ActiveCfg = Debug|Any CPU
		{0F0D185E-7E9B-43D1-A474-9E1C7899FD62}.Debug|x86.Build.0 = Debug|Any CPU
		{0F0D185E-7E9B-43D1-A474-9E1C7899FD62}.Release|Any CPU.ActiveCfg = Release|Any CPU
		{0F0D185E-7E9B-43D1-A474-9E1C7899FD62}.Release|Any CPU.Build.0 = Release|Any CPU
		{0F0D185E-7E9B-43D1-A474-9E1C7899FD62}.Release|x64.ActiveCfg = Release|Any CPU
		{0F0D185E-7E9B-43D1-A474-9E1C7899FD62}.Release|x64.Build.0 = Release|Any CPU
		{0F0D185E-7E9B-43D1-A474-9E1C7899FD62}.Release|x86.ActiveCfg = Release|Any CPU
		{0F0D185E-7E9B-43D1-A474-9E1C7899FD62}.Release|x86.Build.0 = Release|Any CPU
		{3D324264-D571-44B5-9279-0BC02745F4BF}.Debug|Any CPU.ActiveCfg = Debug|Any CPU
		{3D324264-D571-44B5-9279-0BC02745F4BF}.Debug|Any CPU.Build.0 = Debug|Any CPU
		{3D324264-D571-44B5-9279-0BC02745F4BF}.Debug|x64.ActiveCfg = Debug|Any CPU
		{3D324264-D571-44B5-9279-0BC02745F4BF}.Debug|x64.Build.0 = Debug|Any CPU
		{3D324264-D571-44B5-9279-0BC02745F4BF}.Debug|x86.ActiveCfg = Debug|Any CPU
		{3D324264-D571-44B5-9279-0BC02745F4BF}.Debug|x86.Build.0 = Debug|Any CPU
		{3D324264-D571-44B5-9279-0BC02745F4BF}.Release|Any CPU.ActiveCfg = Release|Any CPU
		{3D324264-D571-44B5-9279-0BC02745F4BF}.Release|Any CPU.Build.0 = Release|Any CPU
		{3D324264-D571-44B5-9279-0BC02745F4BF}.Release|x64.ActiveCfg = Release|Any CPU
		{3D324264-D571-44B5-9279-0BC02745F4BF}.Release|x64.Build.0 = Release|Any CPU
		{3D324264-D571-44B5-9279-0BC02745F4BF}.Release|x86.ActiveCfg = Release|Any CPU
		{3D324264-D571-44B5-9279-0BC02745F4BF}.Release|x86.Build.0 = Release|Any CPU
		{B506E7B8-A9EE-427E-A191-93F51B22B14E}.Debug|Any CPU.ActiveCfg = Debug|Any CPU
		{B506E7B8-A9EE-427E-A191-93F51B22B14E}.Debug|Any CPU.Build.0 = Debug|Any CPU
		{B506E7B8-A9EE-427E-A191-93F51B22B14E}.Debug|x64.ActiveCfg = Debug|Any CPU
		{B506E7B8-A9EE-427E-A191-93F51B22B14E}.Debug|x64.Build.0 = Debug|Any CPU
		{B506E7B8-A9EE-427E-A191-93F51B22B14E}.Debug|x86.ActiveCfg = Debug|Any CPU
		{B506E7B8-A9EE-427E-A191-93F51B22B14E}.Debug|x86.Build.0 = Debug|Any CPU
		{B506E7B8-A9EE-427E-A191-93F51B22B14E}.Release|Any CPU.ActiveCfg = Release|Any CPU
		{B506E7B8-A9EE-427E-A191-93F51B22B14E}.Release|Any CPU.Build.0 = Release|Any CPU
		{B506E7B8-A9EE-427E-A191-93F51B22B14E}.Release|x64.ActiveCfg = Release|Any CPU
		{B506E7B8-A9EE-427E-A191-93F51B22B14E}.Release|x64.Build.0 = Release|Any CPU
		{B506E7B8-A9EE-427E-A191-93F51B22B14E}.Release|x86.ActiveCfg = Release|Any CPU
		{B506E7B8-A9EE-427E-A191-93F51B22B14E}.Release|x86.Build.0 = Release|Any CPU
		{374AEBEE-5AEE-42BA-B030-265C6555D11A}.Debug|Any CPU.ActiveCfg = Debug|Any CPU
		{374AEBEE-5AEE-42BA-B030-265C6555D11A}.Debug|Any CPU.Build.0 = Debug|Any CPU
		{374AEBEE-5AEE-42BA-B030-265C6555D11A}.Debug|x64.ActiveCfg = Debug|Any CPU
		{374AEBEE-5AEE-42BA-B030-265C6555D11A}.Debug|x64.Build.0 = Debug|Any CPU
		{374AEBEE-5AEE-42BA-B030-265C6555D11A}.Debug|x86.ActiveCfg = Debug|Any CPU
		{374AEBEE-5AEE-42BA-B030-265C6555D11A}.Debug|x86.Build.0 = Debug|Any CPU
		{374AEBEE-5AEE-42BA-B030-265C6555D11A}.Release|Any CPU.ActiveCfg = Release|Any CPU
		{374AEBEE-5AEE-42BA-B030-265C6555D11A}.Release|Any CPU.Build.0 = Release|Any CPU
		{374AEBEE-5AEE-42BA-B030-265C6555D11A}.Release|x64.ActiveCfg = Release|Any CPU
		{374AEBEE-5AEE-42BA-B030-265C6555D11A}.Release|x64.Build.0 = Release|Any CPU
		{374AEBEE-5AEE-42BA-B030-265C6555D11A}.Release|x86.ActiveCfg = Release|Any CPU
		{374AEBEE-5AEE-42BA-B030-265C6555D11A}.Release|x86.Build.0 = Release|Any CPU
	EndGlobalSection
	GlobalSection(SolutionProperties) = preSolution
		HideSolutionNode = FALSE
	EndGlobalSection
	GlobalSection(NestedProjects) = preSolution
		{0F0D185E-7E9B-43D1-A474-9E1C7899FD62} = {0AB3BF05-4346-4AA6-1389-037BE0695223}
		{3D324264-D571-44B5-9279-0BC02745F4BF} = {0AB3BF05-4346-4AA6-1389-037BE0695223}
		{B506E7B8-A9EE-427E-A191-93F51B22B14E} = {0AB3BF05-4346-4AA6-1389-037BE0695223}
		{374AEBEE-5AEE-42BA-B030-265C6555D11A} = {0AB3BF05-4346-4AA6-1389-037BE0695223}
	EndGlobalSection
	GlobalSection(ExtensibilityGlobals) = postSolution
		SolutionGuid = {98F834AD-E8B0-4614-A47D-764DA0E83F18}
	EndGlobalSection
EndGlobal
